github.com/arugaz/filetype v1.0.1 h1:HnhkNY3eogYzpQTatTlOmLG0q74zGcoYElA3XQ8Extc=
github.com/arugaz/filetype v1.0.1/go.mod h1:pEivN8fEHspAJq1SCSbPAxb2xLWhwep6VkQxztH2tjo=
github.com/arugaz/go-rlottie v0.1.0 h1:/rQaoBoSEG2T+PW56ANvpkgOHdYYtGZpvxzjI6touZ8=
github.com/arugaz/go-rlottie v0.1.0/go.mod h1:m50xy50q5U9ngFIBJja9m09vFhvfw6cxkRiqIxjKeWQ=
